// !$*UTF8*$!
{
	archiveVersion = 1;
	classes = {
	};
	objectVersion = 46;
	objects = {

/* Begin PBXBuildFile section */
		461356C31F21101A00142211 /* CustomerTabBarController.m in Sources */ = {isa = PBXBuildFile; fileRef = 461356C21F21101A00142211 /* CustomerTabBarController.m */; };
		461356DA1F2141EE00142211 /* ic_restaurant.png in Resources */ = {isa = PBXBuildFile; fileRef = 461356D61F2141EE00142211 /* ic_restaurant.png */; };
		461356DB1F2141EE00142211 /* ic_account_circle.png in Resources */ = {isa = PBXBuildFile; fileRef = 461356D71F2141EE00142211 /* ic_account_circle.png */; };
		461356DC1F2141EE00142211 /* ic_payment.png in Resources */ = {isa = PBXBuildFile; fileRef = 461356D81F2141EE00142211 /* ic_payment.png */; };
		461356DD1F2141EE00142211 /* ic_map.png in Resources */ = {isa = PBXBuildFile; fileRef = 461356D91F2141EE00142211 /* ic_map.png */; };
		46161EE31F2709DA00757B23 /* data.plist in Resources */ = {isa = PBXBuildFile; fileRef = 46161EE21F2709DA00757B23 /* data.plist */; };
		46D7542D1F1E6C450040FC3F /* Dish.m in Sources */ = {isa = PBXBuildFile; fileRef = 46D7542C1F1E6C450040FC3F /* Dish.m */; };
		46DD2BFB1F0D3FE900FE410E /* main.m in Sources */ = {isa = PBXBuildFile; fileRef = 46DD2BFA1F0D3FE900FE410E /* main.m */; };
		46DD2BFE1F0D3FE900FE410E /* AppDelegate.m in Sources */ = {isa = PBXBuildFile; fileRef = 46DD2BFD1F0D3FE900FE410E /* AppDelegate.m */; };
		46DD2C011F0D3FE900FE410E /* LoginViewController.m in Sources */ = {isa = PBXBuildFile; fileRef = 46DD2C001F0D3FE900FE410E /* LoginViewController.m */; };
		46DD2C041F0D3FE900FE410E /* Main.storyboard in Resources */ = {isa = PBXBuildFile; fileRef = 46DD2C021F0D3FE900FE410E /* Main.storyboard */; };
		46DD2C061F0D3FE900FE410E /* Assets.xcassets in Resources */ = {isa = PBXBuildFile; fileRef = 46DD2C051F0D3FE900FE410E /* Assets.xcassets */; };
		46DD2C091F0D3FE900FE410E /* LaunchScreen.storyboard in Resources */ = {isa = PBXBuildFile; fileRef = 46DD2C071F0D3FE900FE410E /* LaunchScreen.storyboard */; };
		46E3CDD01F21D19900EEE754 /* HistoricalOrderTableView.m in Sources */ = {isa = PBXBuildFile; fileRef = 46E3CDCF1F21D19900EEE754 /* HistoricalOrderTableView.m */; };
		9A1F9C331F24849000907F74 /* RetailerPostDishController.m in Sources */ = {isa = PBXBuildFile; fileRef = 9A1F9C321F24849000907F74 /* RetailerPostDishController.m */; };
		9A8783A91F14B46D008BB5A5 /* add_circle.png in Resources */ = {isa = PBXBuildFile; fileRef = 9A8783991F14B46D008BB5A5 /* add_circle.png */; };
		9A8783AA1F14B46D008BB5A5 /* add.png in Resources */ = {isa = PBXBuildFile; fileRef = 9A87839A1F14B46D008BB5A5 /* add.png */; };
		9A8783AC1F14B46D008BB5A5 /* default_avartar.png in Resources */ = {isa = PBXBuildFile; fileRef = 9A87839C1F14B46D008BB5A5 /* default_avartar.png */; };
		9A8783AD1F14B46D008BB5A5 /* default_dish_icon.png in Resources */ = {isa = PBXBuildFile; fileRef = 9A87839D1F14B46D008BB5A5 /* default_dish_icon.png */; };
		9A8783AE1F14B46D008BB5A5 /* easy_order_login_background.jpg in Resources */ = {isa = PBXBuildFile; fileRef = 9A87839E1F14B46D008BB5A5 /* easy_order_login_background.jpg */; };
		9A8783AF1F14B46D008BB5A5 /* easy_order_logo.png in Resources */ = {isa = PBXBuildFile; fileRef = 9A87839F1F14B46D008BB5A5 /* easy_order_logo.png */; };
		9A8783B01F14B46D008BB5A5 /* minus.gif in Resources */ = {isa = PBXBuildFile; fileRef = 9A8783A01F14B46D008BB5A5 /* minus.gif */; };
		9A8783B11F14B46D008BB5A5 /* order_detail.png in Resources */ = {isa = PBXBuildFile; fileRef = 9A8783A11F14B46D008BB5A5 /* order_detail.png */; };
		9A8783B21F14B46D008BB5A5 /* order_list.png in Resources */ = {isa = PBXBuildFile; fileRef = 9A8783A21F14B46D008BB5A5 /* order_list.png */; };
		9A8783B31F14B46D008BB5A5 /* pizza.png in Resources */ = {isa = PBXBuildFile; fileRef = 9A8783A31F14B46D008BB5A5 /* pizza.png */; };
		9A8783B51F14B46D008BB5A5 /* salad.jpeg in Resources */ = {isa = PBXBuildFile; fileRef = 9A8783A51F14B46D008BB5A5 /* salad.jpeg */; };
		9A8783B61F14B46D008BB5A5 /* search.png in Resources */ = {isa = PBXBuildFile; fileRef = 9A8783A61F14B46D008BB5A5 /* search.png */; };
		9A8783B71F14B46D008BB5A5 /* shopping_cart.png in Resources */ = {isa = PBXBuildFile; fileRef = 9A8783A71F14B46D008BB5A5 /* shopping_cart.png */; };
		9A8783B81F14B46D008BB5A5 /* twitter.png in Resources */ = {isa = PBXBuildFile; fileRef = 9A8783A81F14B46D008BB5A5 /* twitter.png */; };
		9A902EF21F18A0E000AF799F /* shopping_cart_ios.png in Resources */ = {isa = PBXBuildFile; fileRef = 9A902EF11F18A0E000AF799F /* shopping_cart_ios.png */; };
		9A902EF51F18A3CF00AF799F /* CustomerMenuController.m in Sources */ = {isa = PBXBuildFile; fileRef = 9A902EF41F18A3CF00AF799F /* CustomerMenuController.m */; };
		9A902EF81F18A98700AF799F /* CustomerMapController.m in Sources */ = {isa = PBXBuildFile; fileRef = 9A902EF71F18A98700AF799F /* CustomerMapController.m */; };
		9A902EFB1F18B04700AF799F /* CustomerPaymentController.m in Sources */ = {isa = PBXBuildFile; fileRef = 9A902EFA1F18B04700AF799F /* CustomerPaymentController.m */; };
		9A902EFE1F18B41500AF799F /* CustomerProfileController.m in Sources */ = {isa = PBXBuildFile; fileRef = 9A902EFD1F18B41500AF799F /* CustomerProfileController.m */; };
		9AB0A5331F2297AF003A5C40 /* CustomerCartController.m in Sources */ = {isa = PBXBuildFile; fileRef = 9AB0A5321F2297AF003A5C40 /* CustomerCartController.m */; };
		9AC0E9F71F1F3233006DB1CE /* CustomerMenuCell.m in Sources */ = {isa = PBXBuildFile; fileRef = 9AC0E9F61F1F3233006DB1CE /* CustomerMenuCell.m */; };
		9AF467401F15ED0E005AF8CC /* RetailerPostController.m in Sources */ = {isa = PBXBuildFile; fileRef = 9AF4673F1F15ED0E005AF8CC /* RetailerPostController.m */; };
		9AF467431F15FF5E005AF8CC /* RetailerMapController.m in Sources */ = {isa = PBXBuildFile; fileRef = 9AF467421F15FF5E005AF8CC /* RetailerMapController.m */; };
		9AF467461F16028B005AF8CC /* MapKit.framework in Frameworks */ = {isa = PBXBuildFile; fileRef = 9AF467451F16028B005AF8CC /* MapKit.framework */; };
		9AF467491F1608DB005AF8CC /* RetailerOrderController.m in Sources */ = {isa = PBXBuildFile; fileRef = 9AF467481F1608DB005AF8CC /* RetailerOrderController.m */; };
		F811B6DDFA2A584F506C67FF /* libPods-EasyOrder.a in Frameworks */ = {isa = PBXBuildFile; fileRef = 130AECEA330247553D635001 /* libPods-EasyOrder.a */; };
/* End PBXBuildFile section */

/* Begin PBXFileReference section */
		031688291924004609D48C9A /* Pods-EasyOrder.debug.xcconfig */ = {isa = PBXFileReference; includeInIndex = 1; lastKnownFileType = text.xcconfig; name = "Pods-EasyOrder.debug.xcconfig"; path = "Pods/Target Support Files/Pods-EasyOrder/Pods-EasyOrder.debug.xcconfig"; sourceTree = "<group>"; };
		130AECEA330247553D635001 /* libPods-EasyOrder.a */ = {isa = PBXFileReference; explicitFileType = archive.ar; includeInIndex = 0; path = "libPods-EasyOrder.a"; sourceTree = BUILT_PRODUCTS_DIR; };
		461356C11F21101A00142211 /* CustomerTabBarController.h */ = {isa = PBXFileReference; fileEncoding = 4; lastKnownFileType = sourcecode.c.h; path = CustomerTabBarController.h; sourceTree = "<group>"; };
		461356C21F21101A00142211 /* CustomerTabBarController.m */ = {isa = PBXFileReference; fileEncoding = 4; lastKnownFileType = sourcecode.c.objc; path = CustomerTabBarController.m; sourceTree = "<group>"; };
		461356D61F2141EE00142211 /* ic_restaurant.png */ = {isa = PBXFileReference; lastKnownFileType = image.png; name = ic_restaurant.png; path = drawable/ic_restaurant.png; sourceTree = "<group>"; };
		461356D71F2141EE00142211 /* ic_account_circle.png */ = {isa = PBXFileReference; lastKnownFileType = image.png; name = ic_account_circle.png; path = drawable/ic_account_circle.png; sourceTree = "<group>"; };
		461356D81F2141EE00142211 /* ic_payment.png */ = {isa = PBXFileReference; lastKnownFileType = image.png; name = ic_payment.png; path = drawable/ic_payment.png; sourceTree = "<group>"; };
		461356D91F2141EE00142211 /* ic_map.png */ = {isa = PBXFileReference; lastKnownFileType = image.png; name = ic_map.png; path = drawable/ic_map.png; sourceTree = "<group>"; };
		46161EE21F2709DA00757B23 /* data.plist */ = {isa = PBXFileReference; fileEncoding = 4; lastKnownFileType = text.plist.xml; path = data.plist; sourceTree = "<group>"; };
		46D7542B1F1E6C450040FC3F /* Dish.h */ = {isa = PBXFileReference; fileEncoding = 4; lastKnownFileType = sourcecode.c.h; path = Dish.h; sourceTree = "<group>"; };
		46D7542C1F1E6C450040FC3F /* Dish.m */ = {isa = PBXFileReference; fileEncoding = 4; lastKnownFileType = sourcecode.c.objc; path = Dish.m; sourceTree = "<group>"; };
		46DD2BF61F0D3FE900FE410E /* EasyOrder.app */ = {isa = PBXFileReference; explicitFileType = wrapper.application; includeInIndex = 0; path = EasyOrder.app; sourceTree = BUILT_PRODUCTS_DIR; };
		46DD2BFA1F0D3FE900FE410E /* main.m */ = {isa = PBXFileReference; lastKnownFileType = sourcecode.c.objc; path = main.m; sourceTree = "<group>"; };
		46DD2BFC1F0D3FE900FE410E /* AppDelegate.h */ = {isa = PBXFileReference; lastKnownFileType = sourcecode.c.h; path = AppDelegate.h; sourceTree = "<group>"; };
		46DD2BFD1F0D3FE900FE410E /* AppDelegate.m */ = {isa = PBXFileReference; lastKnownFileType = sourcecode.c.objc; path = AppDelegate.m; sourceTree = "<group>"; };
		46DD2BFF1F0D3FE900FE410E /* LoginViewController.h */ = {isa = PBXFileReference; lastKnownFileType = sourcecode.c.h; path = LoginViewController.h; sourceTree = "<group>"; };
		46DD2C001F0D3FE900FE410E /* LoginViewController.m */ = {isa = PBXFileReference; lastKnownFileType = sourcecode.c.objc; path = LoginViewController.m; sourceTree = "<group>"; };
		46DD2C031F0D3FE900FE410E /* Base */ = {isa = PBXFileReference; lastKnownFileType = file.storyboard; name = Base; path = Base.lproj/Main.storyboard; sourceTree = "<group>"; };
		46DD2C051F0D3FE900FE410E /* Assets.xcassets */ = {isa = PBXFileReference; lastKnownFileType = folder.assetcatalog; path = Assets.xcassets; sourceTree = "<group>"; };
		46DD2C081F0D3FE900FE410E /* Base */ = {isa = PBXFileReference; lastKnownFileType = file.storyboard; name = Base; path = Base.lproj/LaunchScreen.storyboard; sourceTree = "<group>"; };
		46DD2C0A1F0D3FE900FE410E /* Info.plist */ = {isa = PBXFileReference; lastKnownFileType = text.plist.xml; path = Info.plist; sourceTree = "<group>"; };
		46E3CDCE1F21D19900EEE754 /* HistoricalOrderTableView.h */ = {isa = PBXFileReference; fileEncoding = 4; lastKnownFileType = sourcecode.c.h; path = HistoricalOrderTableView.h; sourceTree = "<group>"; };
		46E3CDCF1F21D19900EEE754 /* HistoricalOrderTableView.m */ = {isa = PBXFileReference; fileEncoding = 4; lastKnownFileType = sourcecode.c.objc; path = HistoricalOrderTableView.m; sourceTree = "<group>"; };
		7DCE632CF2D8A4FBD093B613 /* Pods-EasyOrder.release.xcconfig */ = {isa = PBXFileReference; includeInIndex = 1; lastKnownFileType = text.xcconfig; name = "Pods-EasyOrder.release.xcconfig"; path = "Pods/Target Support Files/Pods-EasyOrder/Pods-EasyOrder.release.xcconfig"; sourceTree = "<group>"; };
		9A1F9C311F24849000907F74 /* RetailerPostDishController.h */ = {isa = PBXFileReference; fileEncoding = 4; lastKnownFileType = sourcecode.c.h; path = RetailerPostDishController.h; sourceTree = "<group>"; };
		9A1F9C321F24849000907F74 /* RetailerPostDishController.m */ = {isa = PBXFileReference; fileEncoding = 4; lastKnownFileType = sourcecode.c.objc; path = RetailerPostDishController.m; sourceTree = "<group>"; };
		9A8783991F14B46D008BB5A5 /* add_circle.png */ = {isa = PBXFileReference; lastKnownFileType = image.png; name = add_circle.png; path = drawable/add_circle.png; sourceTree = "<group>"; };
		9A87839A1F14B46D008BB5A5 /* add.png */ = {isa = PBXFileReference; lastKnownFileType = image.png; name = add.png; path = drawable/add.png; sourceTree = "<group>"; };
		9A87839C1F14B46D008BB5A5 /* default_avartar.png */ = {isa = PBXFileReference; lastKnownFileType = image.png; name = default_avartar.png; path = drawable/default_avartar.png; sourceTree = "<group>"; };
		9A87839D1F14B46D008BB5A5 /* default_dish_icon.png */ = {isa = PBXFileReference; lastKnownFileType = image.png; name = default_dish_icon.png; path = drawable/default_dish_icon.png; sourceTree = "<group>"; };
		9A87839E1F14B46D008BB5A5 /* easy_order_login_background.jpg */ = {isa = PBXFileReference; lastKnownFileType = image.jpeg; name = easy_order_login_background.jpg; path = drawable/easy_order_login_background.jpg; sourceTree = "<group>"; };
		9A87839F1F14B46D008BB5A5 /* easy_order_logo.png */ = {isa = PBXFileReference; lastKnownFileType = image.png; name = easy_order_logo.png; path = drawable/easy_order_logo.png; sourceTree = "<group>"; };
		9A8783A01F14B46D008BB5A5 /* minus.gif */ = {isa = PBXFileReference; lastKnownFileType = image.gif; name = minus.gif; path = drawable/minus.gif; sourceTree = "<group>"; };
		9A8783A11F14B46D008BB5A5 /* order_detail.png */ = {isa = PBXFileReference; lastKnownFileType = image.png; name = order_detail.png; path = drawable/order_detail.png; sourceTree = "<group>"; };
		9A8783A21F14B46D008BB5A5 /* order_list.png */ = {isa = PBXFileReference; lastKnownFileType = image.png; name = order_list.png; path = drawable/order_list.png; sourceTree = "<group>"; };
		9A8783A31F14B46D008BB5A5 /* pizza.png */ = {isa = PBXFileReference; lastKnownFileType = image.png; name = pizza.png; path = drawable/pizza.png; sourceTree = "<group>"; };
		9A8783A51F14B46D008BB5A5 /* salad.jpeg */ = {isa = PBXFileReference; lastKnownFileType = image.jpeg; name = salad.jpeg; path = drawable/salad.jpeg; sourceTree = "<group>"; };
		9A8783A61F14B46D008BB5A5 /* search.png */ = {isa = PBXFileReference; lastKnownFileType = image.png; name = search.png; path = drawable/search.png; sourceTree = "<group>"; };
		9A8783A71F14B46D008BB5A5 /* shopping_cart.png */ = {isa = PBXFileReference; lastKnownFileType = image.png; name = shopping_cart.png; path = drawable/shopping_cart.png; sourceTree = "<group>"; };
		9A8783A81F14B46D008BB5A5 /* twitter.png */ = {isa = PBXFileReference; lastKnownFileType = image.png; name = twitter.png; path = drawable/twitter.png; sourceTree = "<group>"; };
		9A902EF11F18A0E000AF799F /* shopping_cart_ios.png */ = {isa = PBXFileReference; lastKnownFileType = image.png; name = shopping_cart_ios.png; path = drawable/shopping_cart_ios.png; sourceTree = "<group>"; };
		9A902EF31F18A3CF00AF799F /* CustomerMenuController.h */ = {isa = PBXFileReference; fileEncoding = 4; lastKnownFileType = sourcecode.c.h; path = CustomerMenuController.h; sourceTree = "<group>"; };
		9A902EF41F18A3CF00AF799F /* CustomerMenuController.m */ = {isa = PBXFileReference; fileEncoding = 4; lastKnownFileType = sourcecode.c.objc; path = CustomerMenuController.m; sourceTree = "<group>"; };
		9A902EF61F18A98700AF799F /* CustomerMapController.h */ = {isa = PBXFileReference; fileEncoding = 4; lastKnownFileType = sourcecode.c.h; path = CustomerMapController.h; sourceTree = "<group>"; };
		9A902EF71F18A98700AF799F /* CustomerMapController.m */ = {isa = PBXFileReference; fileEncoding = 4; lastKnownFileType = sourcecode.c.objc; path = CustomerMapController.m; sourceTree = "<group>"; };
		9A902EF91F18B04700AF799F /* CustomerPaymentController.h */ = {isa = PBXFileReference; fileEncoding = 4; lastKnownFileType = sourcecode.c.h; path = CustomerPaymentController.h; sourceTree = "<group>"; };
		9A902EFA1F18B04700AF799F /* CustomerPaymentController.m */ = {isa = PBXFileReference; fileEncoding = 4; lastKnownFileType = sourcecode.c.objc; path = CustomerPaymentController.m; sourceTree = "<group>"; };
		9A902EFC1F18B41500AF799F /* CustomerProfileController.h */ = {isa = PBXFileReference; fileEncoding = 4; lastKnownFileType = sourcecode.c.h; path = CustomerProfileController.h; sourceTree = "<group>"; };
		9A902EFD1F18B41500AF799F /* CustomerProfileController.m */ = {isa = PBXFileReference; fileEncoding = 4; lastKnownFileType = sourcecode.c.objc; path = CustomerProfileController.m; sourceTree = "<group>"; };
		9AB0A5311F2297AF003A5C40 /* CustomerCartController.h */ = {isa = PBXFileReference; fileEncoding = 4; lastKnownFileType = sourcecode.c.h; path = CustomerCartController.h; sourceTree = "<group>"; };
		9AB0A5321F2297AF003A5C40 /* CustomerCartController.m */ = {isa = PBXFileReference; fileEncoding = 4; lastKnownFileType = sourcecode.c.objc; path = CustomerCartController.m; sourceTree = "<group>"; };
		9AC0E9F51F1F3233006DB1CE /* CustomerMenuCell.h */ = {isa = PBXFileReference; fileEncoding = 4; lastKnownFileType = sourcecode.c.h; path = CustomerMenuCell.h; sourceTree = "<group>"; };
		9AC0E9F61F1F3233006DB1CE /* CustomerMenuCell.m */ = {isa = PBXFileReference; fileEncoding = 4; lastKnownFileType = sourcecode.c.objc; path = CustomerMenuCell.m; sourceTree = "<group>"; };
		9AF4673E1F15ED0E005AF8CC /* RetailerPostController.h */ = {isa = PBXFileReference; fileEncoding = 4; lastKnownFileType = sourcecode.c.h; path = RetailerPostController.h; sourceTree = "<group>"; };
		9AF4673F1F15ED0E005AF8CC /* RetailerPostController.m */ = {isa = PBXFileReference; fileEncoding = 4; lastKnownFileType = sourcecode.c.objc; path = RetailerPostController.m; sourceTree = "<group>"; };
		9AF467411F15FF5E005AF8CC /* RetailerMapController.h */ = {isa = PBXFileReference; fileEncoding = 4; lastKnownFileType = sourcecode.c.h; path = RetailerMapController.h; sourceTree = "<group>"; };
		9AF467421F15FF5E005AF8CC /* RetailerMapController.m */ = {isa = PBXFileReference; fileEncoding = 4; lastKnownFileType = sourcecode.c.objc; path = RetailerMapController.m; sourceTree = "<group>"; };
		9AF467451F16028B005AF8CC /* MapKit.framework */ = {isa = PBXFileReference; lastKnownFileType = wrapper.framework; name = MapKit.framework; path = System/Library/Frameworks/MapKit.framework; sourceTree = SDKROOT; };
		9AF467471F1608DB005AF8CC /* RetailerOrderController.h */ = {isa = PBXFileReference; fileEncoding = 4; lastKnownFileType = sourcecode.c.h; path = RetailerOrderController.h; sourceTree = "<group>"; };
		9AF467481F1608DB005AF8CC /* RetailerOrderController.m */ = {isa = PBXFileReference; fileEncoding = 4; lastKnownFileType = sourcecode.c.objc; path = RetailerOrderController.m; sourceTree = "<group>"; };
/* End PBXFileReference section */

/* Begin PBXFrameworksBuildPhase section */
		46DD2BF31F0D3FE900FE410E /* Frameworks */ = {
			isa = PBXFrameworksBuildPhase;
			buildActionMask = 2147483647;
			files = (
				9AF467461F16028B005AF8CC /* MapKit.framework in Frameworks */,
				F811B6DDFA2A584F506C67FF /* libPods-EasyOrder.a in Frameworks */,
			);
			runOnlyForDeploymentPostprocessing = 0;
		};
/* End PBXFrameworksBuildPhase section */

/* Begin PBXGroup section */
		46DD2BED1F0D3FE900FE410E = {
			isa = PBXGroup;
			children = (
				46DD2BF81F0D3FE900FE410E /* EasyOrder */,
				46DD2BF71F0D3FE900FE410E /* Products */,
				9AF467441F16028B005AF8CC /* Frameworks */,
				7B41C038EDF82C73EB48FA27 /* Pods */,
			);
			sourceTree = "<group>";
		};
		46DD2BF71F0D3FE900FE410E /* Products */ = {
			isa = PBXGroup;
			children = (
				46DD2BF61F0D3FE900FE410E /* EasyOrder.app */,
			);
			name = Products;
			sourceTree = "<group>";
		};
		46DD2BF81F0D3FE900FE410E /* EasyOrder */ = {
			isa = PBXGroup;
			children = (
				9AB0A5311F2297AF003A5C40 /* CustomerCartController.h */,
				9AB0A5321F2297AF003A5C40 /* CustomerCartController.m */,
				46DD2BFC1F0D3FE900FE410E /* AppDelegate.h */,
				46DD2BFD1F0D3FE900FE410E /* AppDelegate.m */,
				46DD2BFF1F0D3FE900FE410E /* LoginViewController.h */,
				46DD2C001F0D3FE900FE410E /* LoginViewController.m */,
				46DD2C021F0D3FE900FE410E /* Main.storyboard */,
				9A1F9C311F24849000907F74 /* RetailerPostDishController.h */,
				9A1F9C321F24849000907F74 /* RetailerPostDishController.m */,
				461356C11F21101A00142211 /* CustomerTabBarController.h */,
				461356C21F21101A00142211 /* CustomerTabBarController.m */,
				9AC0E9F51F1F3233006DB1CE /* CustomerMenuCell.h */,
				9AC0E9F61F1F3233006DB1CE /* CustomerMenuCell.m */,
				9A902EFC1F18B41500AF799F /* CustomerProfileController.h */,
				9A902EFD1F18B41500AF799F /* CustomerProfileController.m */,
				9A902EF91F18B04700AF799F /* CustomerPaymentController.h */,
				9A902EFA1F18B04700AF799F /* CustomerPaymentController.m */,
				9A902EF31F18A3CF00AF799F /* CustomerMenuController.h */,
				9A902EF41F18A3CF00AF799F /* CustomerMenuController.m */,
				46D7542B1F1E6C450040FC3F /* Dish.h */,
				46D7542C1F1E6C450040FC3F /* Dish.m */,
				9AF467471F1608DB005AF8CC /* RetailerOrderController.h */,
				9AF467481F1608DB005AF8CC /* RetailerOrderController.m */,
				9AF467411F15FF5E005AF8CC /* RetailerMapController.h */,
				9A902EF61F18A98700AF799F /* CustomerMapController.h */,
				9A902EF71F18A98700AF799F /* CustomerMapController.m */,
				9AF467421F15FF5E005AF8CC /* RetailerMapController.m */,
				9AF4673E1F15ED0E005AF8CC /* RetailerPostController.h */,
				9AF4673F1F15ED0E005AF8CC /* RetailerPostController.m */,
				46DD2C051F0D3FE900FE410E /* Assets.xcassets */,
				46DD2C071F0D3FE900FE410E /* LaunchScreen.storyboard */,
				46DD2C0A1F0D3FE900FE410E /* Info.plist */,
				46DD2BF91F0D3FE900FE410E /* Supporting Files */,
				46E3CDCE1F21D19900EEE754 /* HistoricalOrderTableView.h */,
				46E3CDCF1F21D19900EEE754 /* HistoricalOrderTableView.m */,
				46161EE21F2709DA00757B23 /* data.plist */,
			);
			path = EasyOrder;
			sourceTree = "<group>";
		};
		46DD2BF91F0D3FE900FE410E /* Supporting Files */ = {
			isa = PBXGroup;
			children = (
				461356D61F2141EE00142211 /* ic_restaurant.png */,
				461356D71F2141EE00142211 /* ic_account_circle.png */,
				461356D81F2141EE00142211 /* ic_payment.png */,
				461356D91F2141EE00142211 /* ic_map.png */,
				9A902EF11F18A0E000AF799F /* shopping_cart_ios.png */,
				9A8783991F14B46D008BB5A5 /* add_circle.png */,
				9A87839A1F14B46D008BB5A5 /* add.png */,
				9A87839C1F14B46D008BB5A5 /* default_avartar.png */,
				9A87839D1F14B46D008BB5A5 /* default_dish_icon.png */,
				9A87839E1F14B46D008BB5A5 /* easy_order_login_background.jpg */,
				9A87839F1F14B46D008BB5A5 /* easy_order_logo.png */,
				9A8783A01F14B46D008BB5A5 /* minus.gif */,
				9A8783A11F14B46D008BB5A5 /* order_detail.png */,
				9A8783A21F14B46D008BB5A5 /* order_list.png */,
				9A8783A31F14B46D008BB5A5 /* pizza.png */,
				9A8783A51F14B46D008BB5A5 /* salad.jpeg */,
				9A8783A61F14B46D008BB5A5 /* search.png */,
				9A8783A71F14B46D008BB5A5 /* shopping_cart.png */,
				9A8783A81F14B46D008BB5A5 /* twitter.png */,
				46DD2BFA1F0D3FE900FE410E /* main.m */,
			);
			name = "Supporting Files";
			sourceTree = "<group>";
		};
		7B41C038EDF82C73EB48FA27 /* Pods */ = {
			isa = PBXGroup;
			children = (
				031688291924004609D48C9A /* Pods-EasyOrder.debug.xcconfig */,
				7DCE632CF2D8A4FBD093B613 /* Pods-EasyOrder.release.xcconfig */,
			);
			name = Pods;
			sourceTree = "<group>";
		};
		9AF467441F16028B005AF8CC /* Frameworks */ = {
			isa = PBXGroup;
			children = (
				9AF467451F16028B005AF8CC /* MapKit.framework */,
				130AECEA330247553D635001 /* libPods-EasyOrder.a */,
			);
			name = Frameworks;
			sourceTree = "<group>";
		};
/* End PBXGroup section */

/* Begin PBXNativeTarget section */
		46DD2BF51F0D3FE900FE410E /* EasyOrder */ = {
			isa = PBXNativeTarget;
			buildConfigurationList = 46DD2C0D1F0D3FE900FE410E /* Build configuration list for PBXNativeTarget "EasyOrder" */;
			buildPhases = (
				76EBF97FBB0807C27AF2F101 /* [CP] Check Pods Manifest.lock */,
				46DD2BF21F0D3FE900FE410E /* Sources */,
				46DD2BF31F0D3FE900FE410E /* Frameworks */,
				46DD2BF41F0D3FE900FE410E /* Resources */,
				B9D3EE2FF0311ECF26BED270 /* [CP] Embed Pods Frameworks */,
				08099C5380770C1228A1267A /* [CP] Copy Pods Resources */,
			);
			buildRules = (
			);
			dependencies = (
			);
			name = EasyOrder;
			productName = EasyOrder;
			productReference = 46DD2BF61F0D3FE900FE410E /* EasyOrder.app */;
			productType = "com.apple.product-type.application";
		};
/* End PBXNativeTarget section */

/* Begin PBXProject section */
		46DD2BEE1F0D3FE900FE410E /* Project object */ = {
			isa = PBXProject;
			attributes = {
				LastUpgradeCheck = 0830;
				ORGANIZATIONNAME = "Carnegie Mellon University";
				TargetAttributes = {
					46DD2BF51F0D3FE900FE410E = {
						CreatedOnToolsVersion = 8.3.3;
						DevelopmentTeam = 9VUC3R8D65;
						ProvisioningStyle = Automatic;
						SystemCapabilities = {
							com.apple.Maps.iOS = {
								enabled = 1;
							};
						};
					};
				};
			};
			buildConfigurationList = 46DD2BF11F0D3FE900FE410E /* Build configuration list for PBXProject "EasyOrder" */;
			compatibilityVersion = "Xcode 3.2";
			developmentRegion = English;
			hasScannedForEncodings = 0;
			knownRegions = (
				en,
				Base,
			);
			mainGroup = 46DD2BED1F0D3FE900FE410E;
			productRefGroup = 46DD2BF71F0D3FE900FE410E /* Products */;
			projectDirPath = "";
			projectRoot = "";
			targets = (
				46DD2BF51F0D3FE900FE410E /* EasyOrder */,
			);
		};
/* End PBXProject section */

/* Begin PBXResourcesBuildPhase section */
		46DD2BF41F0D3FE900FE410E /* Resources */ = {
			isa = PBXResourcesBuildPhase;
			buildActionMask = 2147483647;
			files = (
				46DD2C091F0D3FE900FE410E /* LaunchScreen.storyboard in Resources */,
				9A8783B01F14B46D008BB5A5 /* minus.gif in Resources */,
				461356DB1F2141EE00142211 /* ic_account_circle.png in Resources */,
				9A8783B71F14B46D008BB5A5 /* shopping_cart.png in Resources */,
				9A8783B61F14B46D008BB5A5 /* search.png in Resources */,
				9A8783B51F14B46D008BB5A5 /* salad.jpeg in Resources */,
				461356DC1F2141EE00142211 /* ic_payment.png in Resources */,
				9A8783B31F14B46D008BB5A5 /* pizza.png in Resources */,
				9A8783AC1F14B46D008BB5A5 /* default_avartar.png in Resources */,
				9A902EF21F18A0E000AF799F /* shopping_cart_ios.png in Resources */,
				9A8783AE1F14B46D008BB5A5 /* easy_order_login_background.jpg in Resources */,
				9A8783B21F14B46D008BB5A5 /* order_list.png in Resources */,
				46DD2C061F0D3FE900FE410E /* Assets.xcassets in Resources */,
				46DD2C041F0D3FE900FE410E /* Main.storyboard in Resources */,
				461356DA1F2141EE00142211 /* ic_restaurant.png in Resources */,
				9A8783AD1F14B46D008BB5A5 /* default_dish_icon.png in Resources */,
				9A8783B81F14B46D008BB5A5 /* twitter.png in Resources */,
				9A8783AF1F14B46D008BB5A5 /* easy_order_logo.png in Resources */,
				9A8783B11F14B46D008BB5A5 /* order_detail.png in Resources */,
				9A8783AA1F14B46D008BB5A5 /* add.png in Resources */,
				46161EE31F2709DA00757B23 /* data.plist in Resources */,
				461356DD1F2141EE00142211 /* ic_map.png in Resources */,
				9A8783A91F14B46D008BB5A5 /* add_circle.png in Resources */,
			);
			runOnlyForDeploymentPostprocessing = 0;
		};
/* End PBXResourcesBuildPhase section */

/* Begin PBXShellScriptBuildPhase section */
		08099C5380770C1228A1267A /* [CP] Copy Pods Resources */ = {
			isa = PBXShellScriptBuildPhase;
			buildActionMask = 2147483647;
			files = (
			);
			inputPaths = (
			);
			name = "[CP] Copy Pods Resources";
			outputPaths = (
			);
			runOnlyForDeploymentPostprocessing = 0;
			shellPath = /bin/sh;
			shellScript = "\"${SRCROOT}/Pods/Target Support Files/Pods-EasyOrder/Pods-EasyOrder-resources.sh\"\n";
			showEnvVarsInLog = 0;
		};
		76EBF97FBB0807C27AF2F101 /* [CP] Check Pods Manifest.lock */ = {
			isa = PBXShellScriptBuildPhase;
			buildActionMask = 2147483647;
			files = (
			);
			inputPaths = (
			);
			name = "[CP] Check Pods Manifest.lock";
			outputPaths = (
			);
			runOnlyForDeploymentPostprocessing = 0;
			shellPath = /bin/sh;
			shellScript = "diff \"${PODS_PODFILE_DIR_PATH}/Podfile.lock\" \"${PODS_ROOT}/Manifest.lock\" > /dev/null\nif [ $? != 0 ] ; then\n    # print error to STDERR\n    echo \"error: The sandbox is not in sync with the Podfile.lock. Run 'pod install' or update your CocoaPods installation.\" >&2\n    exit 1\nfi\n";
			showEnvVarsInLog = 0;
		};
		B9D3EE2FF0311ECF26BED270 /* [CP] Embed Pods Frameworks */ = {
			isa = PBXShellScriptBuildPhase;
			buildActionMask = 2147483647;
			files = (
			);
			inputPaths = (
			);
			name = "[CP] Embed Pods Frameworks";
			outputPaths = (
			);
			runOnlyForDeploymentPostprocessing = 0;
			shellPath = /bin/sh;
			shellScript = "\"${SRCROOT}/Pods/Target Support Files/Pods-EasyOrder/Pods-EasyOrder-frameworks.sh\"\n";
			showEnvVarsInLog = 0;
		};
/* End PBXShellScriptBuildPhase section */

/* Begin PBXSourcesBuildPhase section */
		46DD2BF21F0D3FE900FE410E /* Sources */ = {
			isa = PBXSourcesBuildPhase;
			buildActionMask = 2147483647;
			files = (
				9AF467491F1608DB005AF8CC /* RetailerOrderController.m in Sources */,
				9A1F9C331F24849000907F74 /* RetailerPostDishController.m in Sources */,
				9A902EF51F18A3CF00AF799F /* CustomerMenuController.m in Sources */,
				9AF467431F15FF5E005AF8CC /* RetailerMapController.m in Sources */,
				46DD2C011F0D3FE900FE410E /* LoginViewController.m in Sources */,
				9AC0E9F71F1F3233006DB1CE /* CustomerMenuCell.m in Sources */,
				9A902EFB1F18B04700AF799F /* CustomerPaymentController.m in Sources */,
				9A902EFE1F18B41500AF799F /* CustomerProfileController.m in Sources */,
				9AF467401F15ED0E005AF8CC /* RetailerPostController.m in Sources */,
				9AB0A5331F2297AF003A5C40 /* CustomerCartController.m in Sources */,
				46DD2BFE1F0D3FE900FE410E /* AppDelegate.m in Sources */,
				461356C31F21101A00142211 /* CustomerTabBarController.m in Sources */,
				46E3CDD01F21D19900EEE754 /* HistoricalOrderTableView.m in Sources */,
				9A902EF81F18A98700AF799F /* CustomerMapController.m in Sources */,
				46DD2BFB1F0D3FE900FE410E /* main.m in Sources */,
				46D7542D1F1E6C450040FC3F /* Dish.m in Sources */,
			);
			runOnlyForDeploymentPostprocessing = 0;
		};
/* End PBXSourcesBuildPhase section */

/* Begin PBXVariantGroup section */
		46DD2C021F0D3FE900FE410E /* Main.storyboard */ = {
			isa = PBXVariantGroup;
			children = (
				46DD2C031F0D3FE900FE410E /* Base */,
			);
			name = Main.storyboard;
			sourceTree = "<group>";
		};
		46DD2C071F0D3FE900FE410E /* LaunchScreen.storyboard */ = {
			isa = PBXVariantGroup;
			children = (
				46DD2C081F0D3FE900FE410E /* Base */,
			);
			name = LaunchScreen.storyboard;
			sourceTree = "<group>";
		};
/* End PBXVariantGroup section */

/* Begin XCBuildConfiguration section */
		46DD2C0B1F0D3FE900FE410E /* Debug */ = {
			isa = XCBuildConfiguration;
			buildSettings = {
				ALWAYS_SEARCH_USER_PATHS = NO;
				CLANG_ANALYZER_NONNULL = YES;
				CLANG_ANALYZER_NUMBER_OBJECT_CONVERSION = YES_AGGRESSIVE;
				CLANG_CXX_LANGUAGE_STANDARD = "gnu++0x";
				CLANG_CXX_LIBRARY = "libc++";
				CLANG_ENABLE_MODULES = YES;
				CLANG_ENABLE_OBJC_ARC = YES;
				CLANG_WARN_BOOL_CONVERSION = YES;
				CLANG_WARN_CONSTANT_CONVERSION = YES;
				CLANG_WARN_DIRECT_OBJC_ISA_USAGE = YES_ERROR;
				CLANG_WARN_DOCUMENTATION_COMMENTS = YES;
				CLANG_WARN_EMPTY_BODY = YES;
				CLANG_WARN_ENUM_CONVERSION = YES;
				CLANG_WARN_INFINITE_RECURSION = YES;
				CLANG_WARN_INT_CONVERSION = YES;
				CLANG_WARN_OBJC_ROOT_CLASS = YES_ERROR;
				CLANG_WARN_SUSPICIOUS_MOVE = YES;
				CLANG_WARN_UNREACHABLE_CODE = YES;
				CLANG_WARN__DUPLICATE_METHOD_MATCH = YES;
				"CODE_SIGN_IDENTITY[sdk=iphoneos*]" = "iPhone Developer";
				COPY_PHASE_STRIP = NO;
				DEBUG_INFORMATION_FORMAT = dwarf;
				ENABLE_STRICT_OBJC_MSGSEND = YES;
				ENABLE_TESTABILITY = YES;
				GCC_C_LANGUAGE_STANDARD = gnu99;
				GCC_DYNAMIC_NO_PIC = NO;
				GCC_NO_COMMON_BLOCKS = YES;
				GCC_OPTIMIZATION_LEVEL = 0;
				GCC_PREPROCESSOR_DEFINITIONS = (
					"DEBUG=1",
					"$(inherited)",
				);
				GCC_WARN_64_TO_32_BIT_CONVERSION = YES;
				GCC_WARN_ABOUT_RETURN_TYPE = YES_ERROR;
				GCC_WARN_UNDECLARED_SELECTOR = YES;
				GCC_WARN_UNINITIALIZED_AUTOS = YES_AGGRESSIVE;
				GCC_WARN_UNUSED_FUNCTION = YES;
				GCC_WARN_UNUSED_VARIABLE = YES;
				IPHONEOS_DEPLOYMENT_TARGET = 10.3;
				MTL_ENABLE_DEBUG_INFO = YES;
				ONLY_ACTIVE_ARCH = YES;
				SDKROOT = iphoneos;
				TARGETED_DEVICE_FAMILY = "1,2";
			};
			name = Debug;
		};
		46DD2C0C1F0D3FE900FE410E /* Release */ = {
			isa = XCBuildConfiguration;
			buildSettings = {
				ALWAYS_SEARCH_USER_PATHS = NO;
				CLANG_ANALYZER_NONNULL = YES;
				CLANG_ANALYZER_NUMBER_OBJECT_CONVERSION = YES_AGGRESSIVE;
				CLANG_CXX_LANGUAGE_STANDARD = "gnu++0x";
				CLANG_CXX_LIBRARY = "libc++";
				CLANG_ENABLE_MODULES = YES;
				CLANG_ENABLE_OBJC_ARC = YES;
				CLANG_WARN_BOOL_CONVERSION = YES;
				CLANG_WARN_CONSTANT_CONVERSION = YES;
				CLANG_WARN_DIRECT_OBJC_ISA_USAGE = YES_ERROR;
				CLANG_WARN_DOCUMENTATION_COMMENTS = YES;
				CLANG_WARN_EMPTY_BODY = YES;
				CLANG_WARN_ENUM_CONVERSION = YES;
				CLANG_WARN_INFINITE_RECURSION = YES;
				CLANG_WARN_INT_CONVERSION = YES;
				CLANG_WARN_OBJC_ROOT_CLASS = YES_ERROR;
				CLANG_WARN_SUSPICIOUS_MOVE = YES;
				CLANG_WARN_UNREACHABLE_CODE = YES;
				CLANG_WARN__DUPLICATE_METHOD_MATCH = YES;
				"CODE_SIGN_IDENTITY[sdk=iphoneos*]" = "iPhone Developer";
				COPY_PHASE_STRIP = NO;
				DEBUG_INFORMATION_FORMAT = "dwarf-with-dsym";
				ENABLE_NS_ASSERTIONS = NO;
				ENABLE_STRICT_OBJC_MSGSEND = YES;
				GCC_C_LANGUAGE_STANDARD = gnu99;
				GCC_NO_COMMON_BLOCKS = YES;
				GCC_WARN_64_TO_32_BIT_CONVERSION = YES;
				GCC_WARN_ABOUT_RETURN_TYPE = YES_ERROR;
				GCC_WARN_UNDECLARED_SELECTOR = YES;
				GCC_WARN_UNINITIALIZED_AUTOS = YES_AGGRESSIVE;
				GCC_WARN_UNUSED_FUNCTION = YES;
				GCC_WARN_UNUSED_VARIABLE = YES;
				IPHONEOS_DEPLOYMENT_TARGET = 10.3;
				MTL_ENABLE_DEBUG_INFO = NO;
				SDKROOT = iphoneos;
				TARGETED_DEVICE_FAMILY = "1,2";
				VALIDATE_PRODUCT = YES;
			};
			name = Release;
		};
		46DD2C0E1F0D3FE900FE410E /* Debug */ = {
			isa = XCBuildConfiguration;
			baseConfigurationReference = 031688291924004609D48C9A /* Pods-EasyOrder.debug.xcconfig */;
			buildSettings = {
				ASSETCATALOG_COMPILER_APPICON_NAME = AppIcon;
				DEVELOPMENT_TEAM = 9VUC3R8D65;
				INFOPLIST_FILE = EasyOrder/Info.plist;
				LD_RUNPATH_SEARCH_PATHS = "$(inherited) @executable_path/Frameworks";
				PRODUCT_BUNDLE_IDENTIFIER = edu.cmu.EasyOrder;
				PRODUCT_NAME = "$(TARGET_NAME)";
			};
			name = Debug;
		};
		46DD2C0F1F0D3FE900FE410E /* Release */ = {
			isa = XCBuildConfiguration;
			baseConfigurationReference = 7DCE632CF2D8A4FBD093B613 /* Pods-EasyOrder.release.xcconfig */;
			buildSettings = {
				ASSETCATALOG_COMPILER_APPICON_NAME = AppIcon;
				DEVELOPMENT_TEAM = 9VUC3R8D65;
				INFOPLIST_FILE = EasyOrder/Info.plist;
				LD_RUNPATH_SEARCH_PATHS = "$(inherited) @executable_path/Frameworks";
				PRODUCT_BUNDLE_IDENTIFIER = edu.cmu.EasyOrder;
				PRODUCT_NAME = "$(TARGET_NAME)";
			};
			name = Release;
		};
/* End XCBuildConfiguration section */

/* Begin XCConfigurationList section */
		46DD2BF11F0D3FE900FE410E /* Build configuration list for PBXProject "EasyOrder" */ = {
			isa = XCConfigurationList;
			buildConfigurations = (
				46DD2C0B1F0D3FE900FE410E /* Debug */,
				46DD2C0C1F0D3FE900FE410E /* Release */,
			);
			defaultConfigurationIsVisible = 0;
			defaultConfigurationName = Release;
		};
		46DD2C0D1F0D3FE900FE410E /* Build configuration list for PBXNativeTarget "EasyOrder" */ = {
			isa = XCConfigurationList;
			buildConfigurations = (
				46DD2C0E1F0D3FE900FE410E /* Debug */,
				46DD2C0F1F0D3FE900FE410E /* Release */,
			);
			defaultConfigurationIsVisible = 0;
			defaultConfigurationName = Release;
		};
/* End XCConfigurationList section */
	};
	rootObject = 46DD2BEE1F0D3FE900FE410E /* Project object */;
}
