PODS:
  - Braintree/Card (4.8.5):
    - Braintree/Core
  - Braintree/Core (4.8.5)
  - Braintree/UnionPay (4.8.5):
    - Braintree/Card
    - Braintree/Core
  - BraintreeDropIn (5.2.1):
    - BraintreeDropIn/DropIn (= 5.2.1)
  - BraintreeDropIn/DropIn (5.2.1):
    - Braintree/Card (~> 4.0)
    - Braintree/Core (~> 4.0)
    - Braintree/UnionPay (~> 4.0)
    - BraintreeDropIn/UIKit
  - BraintreeDropIn/UIKit (5.2.1)

DEPENDENCIES:
  - BraintreeDropIn

SPEC CHECKSUMS:
  Braintree: 12225834d0e39ffad56888756a3c0d8bda043d53
  BraintreeDropIn: e9cecf2ec946f084476f007a7e91925016b77e91

PODFILE CHECKSUM: 1d5a7aed57c179d877a57da2e47acbc3d2d97a9d

COCOAPODS: 1.2.1
